
Microsoft Visual Studio Solution File, Format Version 12.00
# Visual Studio Version 17
VisualStudioVersion = 17.10.35013.160
MinimumVisualStudioVersion = 10.0.40219.1
Project("{FAE04EC0-301F-11D3-BF4B-00C04F79EFBC}") = "Pokedex", "Pokedex\Pokedex.csproj", "{7B25D54E-294E-4158-9CA8-CF7243C232EF}"
EndProject
Global
	GlobalSection(SolutionConfigurationPlatforms) = preSolution
		Debug|Any CPU = Debug|Any CPU
		Release|Any CPU = Release|Any CPU
	EndGlobalSection
	GlobalSection(ProjectConfigurationPlatforms) = postSolution
		{7B25D54E-294E-4158-9CA8-CF7243C232EF}.Debug|Any CPU.ActiveCfg = Debug|Any CPU
		{7B25D54E-294E-4158-9CA8-CF7243C232EF}.Debug|Any CPU.Build.0 = Debug|Any CPU
		{7B25D54E-294E-4158-9CA8-CF7243C232EF}.Release|Any CPU.ActiveCfg = Release|Any CPU
		{7B25D54E-294E-4158-9CA8-CF7243C232EF}.Release|Any CPU.Build.0 = Release|Any CPU
	EndGlobalSection
	GlobalSection(SolutionProperties) = preSolution
		HideSolutionNode = FALSE
	EndGlobalSection
	GlobalSection(ExtensibilityGlobals) = postSolution
		SolutionGuid = {6D4BEA6C-1923-4C65-A0CD-EAE0EF5438B6}
	EndGlobalSection
EndGlobal
